
Microsoft Visual Studio Solution File, Format Version 12.00
# Visual Studio Version 17
VisualStudioVersion = 17.8.34004.107
MinimumVisualStudioVersion = 10.0.40219.1
Project("{9A19103F-16F7-4668-BE54-9A1E7A4F7556}") = "Data_Access_layer", "Data_Access_layer.csproj", "{52C6EF06-17E9-4C4D-B8E4-717A4BFE8152}"
EndProject
Global
	GlobalSection(SolutionConfigurationPlatforms) = preSolution
		Debug|Any CPU = Debug|Any CPU
		Release|Any CPU = Release|Any CPU
	EndGlobalSection
	GlobalSection(ProjectConfigurationPlatforms) = postSolution
		{52C6EF06-17E9-4C4D-B8E4-717A4BFE8152}.Debug|Any CPU.ActiveCfg = Debug|Any CPU
		{52C6EF06-17E9-4C4D-B8E4-717A4BFE8152}.Debug|Any CPU.Build.0 = Debug|Any CPU
		{52C6EF06-17E9-4C4D-B8E4-717A4BFE8152}.Release|Any CPU.ActiveCfg = Release|Any CPU
		{52C6EF06-17E9-4C4D-B8E4-717A4BFE8152}.Release|Any CPU.Build.0 = Release|Any CPU
	EndGlobalSection
	GlobalSection(SolutionProperties) = preSolution
		HideSolutionNode = FALSE
	EndGlobalSection
	GlobalSection(ExtensibilityGlobals) = postSolution
		SolutionGuid = {DA26960A-70F7-4AF0-B961-D0C0D358117F}
	EndGlobalSection
EndGlobal
