
Microsoft Visual Studio Solution File, Format Version 12.00
# Visual Studio Version 17
VisualStudioVersion = 17.7.34003.232
MinimumVisualStudioVersion = 10.0.40219.1
Project("{9A19103F-16F7-4668-BE54-9A1E7A4F7556}") = "RecipeAPI", "RecipeAPI.csproj", "{4D953703-84F6-4F8B-8ECD-49A29B0CFA62}"
EndProject
Project("{9A19103F-16F7-4668-BE54-9A1E7A4F7556}") = "Business_Access_Layer", "..\Business_Access_Layer\Business_Access_Layer.csproj", "{33494584-F99D-4C07-AA6A-79405C239327}"
EndProject
Project("{9A19103F-16F7-4668-BE54-9A1E7A4F7556}") = "Data_Access_layer", "..\Data_Access_layer\Data_Access_layer.csproj", "{B2765E53-B9EA-4E59-B1AE-F88A091C36FC}"
EndProject
Global
	GlobalSection(SolutionConfigurationPlatforms) = preSolution
		Debug|Any CPU = Debug|Any CPU
		Release|Any CPU = Release|Any CPU
	EndGlobalSection
	GlobalSection(ProjectConfigurationPlatforms) = postSolution
		{4D953703-84F6-4F8B-8ECD-49A29B0CFA62}.Debug|Any CPU.ActiveCfg = Debug|Any CPU
		{4D953703-84F6-4F8B-8ECD-49A29B0CFA62}.Debug|Any CPU.Build.0 = Debug|Any CPU
		{4D953703-84F6-4F8B-8ECD-49A29B0CFA62}.Release|Any CPU.ActiveCfg = Release|Any CPU
		{4D953703-84F6-4F8B-8ECD-49A29B0CFA62}.Release|Any CPU.Build.0 = Release|Any CPU
		{33494584-F99D-4C07-AA6A-79405C239327}.Debug|Any CPU.ActiveCfg = Debug|Any CPU
		{33494584-F99D-4C07-AA6A-79405C239327}.Debug|Any CPU.Build.0 = Debug|Any CPU
		{33494584-F99D-4C07-AA6A-79405C239327}.Release|Any CPU.ActiveCfg = Release|Any CPU
		{33494584-F99D-4C07-AA6A-79405C239327}.Release|Any CPU.Build.0 = Release|Any CPU
		{B2765E53-B9EA-4E59-B1AE-F88A091C36FC}.Debug|Any CPU.ActiveCfg = Debug|Any CPU
		{B2765E53-B9EA-4E59-B1AE-F88A091C36FC}.Debug|Any CPU.Build.0 = Debug|Any CPU
		{B2765E53-B9EA-4E59-B1AE-F88A091C36FC}.Release|Any CPU.ActiveCfg = Release|Any CPU
		{B2765E53-B9EA-4E59-B1AE-F88A091C36FC}.Release|Any CPU.Build.0 = Release|Any CPU
	EndGlobalSection
	GlobalSection(SolutionProperties) = preSolution
		HideSolutionNode = FALSE
	EndGlobalSection
	GlobalSection(ExtensibilityGlobals) = postSolution
		SolutionGuid = {EFC7B5A4-FC4B-4023-ADE8-DCE768951D32}
	EndGlobalSection
EndGlobal
